// !$*UTF8*$!
{
	archiveVersion = 1;
	classes = {
	};
	objectVersion = 50;
	objects = {

/* Begin PBXBuildFile section */
		D70EDB6F23A0ED6E00268107 /* AppDelegate.swift in Sources */ = {isa = PBXBuildFile; fileRef = D70EDB6E23A0ED6E00268107 /* AppDelegate.swift */; };
		D70EDB7123A0ED6E00268107 /* SceneDelegate.swift in Sources */ = {isa = PBXBuildFile; fileRef = D70EDB7023A0ED6E00268107 /* SceneDelegate.swift */; };
		D70EDB7423A0ED6E00268107 /* milestone.xcdatamodeld in Sources */ = {isa = PBXBuildFile; fileRef = D70EDB7223A0ED6E00268107 /* milestone.xcdatamodeld */; };
		D70EDB7623A0ED6E00268107 /* ContentView.swift in Sources */ = {isa = PBXBuildFile; fileRef = D70EDB7523A0ED6E00268107 /* ContentView.swift */; };
		D70EDB7823A0ED7000268107 /* Assets.xcassets in Resources */ = {isa = PBXBuildFile; fileRef = D70EDB7723A0ED7000268107 /* Assets.xcassets */; };
		D70EDB7B23A0ED7000268107 /* Preview Assets.xcassets in Resources */ = {isa = PBXBuildFile; fileRef = D70EDB7A23A0ED7000268107 /* Preview Assets.xcassets */; };
		D70EDB7E23A0ED7000268107 /* LaunchScreen.storyboard in Resources */ = {isa = PBXBuildFile; fileRef = D70EDB7C23A0ED7000268107 /* LaunchScreen.storyboard */; };
		D70EDB8623A0EE6400268107 /* ImagePicker.swift in Sources */ = {isa = PBXBuildFile; fileRef = D70EDB8523A0EE6400268107 /* ImagePicker.swift */; };
		D734BFAA23A150D70066DB6E /* AddPersonView.swift in Sources */ = {isa = PBXBuildFile; fileRef = D734BFA923A150D70066DB6E /* AddPersonView.swift */; };
		D734BFAC23A1584F0066DB6E /* Person.swift in Sources */ = {isa = PBXBuildFile; fileRef = D734BFAB23A1584F0066DB6E /* Person.swift */; };
		D7CD168323A3BEBF0021DA42 /* DetailView.swift in Sources */ = {isa = PBXBuildFile; fileRef = D7CD168223A3BEBF0021DA42 /* DetailView.swift */; };
		D7CD168523A3C2110021DA42 /* FileManagement.swift in Sources */ = {isa = PBXBuildFile; fileRef = D7CD168423A3C2110021DA42 /* FileManagement.swift */; };
		D7CD168723A52E5D0021DA42 /* LocationFetcher.swift in Sources */ = {isa = PBXBuildFile; fileRef = D7CD168623A52E5D0021DA42 /* LocationFetcher.swift */; };
		D7CD168923A541780021DA42 /* MapView.swift in Sources */ = {isa = PBXBuildFile; fileRef = D7CD168823A541780021DA42 /* MapView.swift */; };
/* End PBXBuildFile section */

/* Begin PBXFileReference section */
		D70EDB6B23A0ED6E00268107 /* milestone.app */ = {isa = PBXFileReference; explicitFileType = wrapper.application; includeInIndex = 0; path = milestone.app; sourceTree = BUILT_PRODUCTS_DIR; };
		D70EDB6E23A0ED6E00268107 /* AppDelegate.swift */ = {isa = PBXFileReference; lastKnownFileType = sourcecode.swift; path = AppDelegate.swift; sourceTree = "<group>"; };
		D70EDB7023A0ED6E00268107 /* SceneDelegate.swift */ = {isa = PBXFileReference; lastKnownFileType = sourcecode.swift; path = SceneDelegate.swift; sourceTree = "<group>"; };
		D70EDB7323A0ED6E00268107 /* milestone.xcdatamodel */ = {isa = PBXFileReference; lastKnownFileType = wrapper.xcdatamodel; path = milestone.xcdatamodel; sourceTree = "<group>"; };
		D70EDB7523A0ED6E00268107 /* ContentView.swift */ = {isa = PBXFileReference; lastKnownFileType = sourcecode.swift; path = ContentView.swift; sourceTree = "<group>"; };
		D70EDB7723A0ED7000268107 /* Assets.xcassets */ = {isa = PBXFileReference; lastKnownFileType = folder.assetcatalog; path = Assets.xcassets; sourceTree = "<group>"; };
		D70EDB7A23A0ED7000268107 /* Preview Assets.xcassets */ = {isa = PBXFileReference; lastKnownFileType = folder.assetcatalog; path = "Preview Assets.xcassets"; sourceTree = "<group>"; };
		D70EDB7D23A0ED7000268107 /* Base */ = {isa = PBXFileReference; lastKnownFileType = file.storyboard; name = Base; path = Base.lproj/LaunchScreen.storyboard; sourceTree = "<group>"; };
		D70EDB7F23A0ED7000268107 /* Info.plist */ = {isa = PBXFileReference; lastKnownFileType = text.plist.xml; path = Info.plist; sourceTree = "<group>"; };
		D70EDB8523A0EE6400268107 /* ImagePicker.swift */ = {isa = PBXFileReference; lastKnownFileType = sourcecode.swift; path = ImagePicker.swift; sourceTree = "<group>"; };
		D734BFA923A150D70066DB6E /* AddPersonView.swift */ = {isa = PBXFileReference; lastKnownFileType = sourcecode.swift; path = AddPersonView.swift; sourceTree = "<group>"; };
		D734BFAB23A1584F0066DB6E /* Person.swift */ = {isa = PBXFileReference; lastKnownFileType = sourcecode.swift; path = Person.swift; sourceTree = "<group>"; };
		D7CD168223A3BEBF0021DA42 /* DetailView.swift */ = {isa = PBXFileReference; lastKnownFileType = sourcecode.swift; path = DetailView.swift; sourceTree = "<group>"; };
		D7CD168423A3C2110021DA42 /* FileManagement.swift */ = {isa = PBXFileReference; lastKnownFileType = sourcecode.swift; path = FileManagement.swift; sourceTree = "<group>"; };
		D7CD168623A52E5D0021DA42 /* LocationFetcher.swift */ = {isa = PBXFileReference; lastKnownFileType = sourcecode.swift; path = LocationFetcher.swift; sourceTree = "<group>"; };
		D7CD168823A541780021DA42 /* MapView.swift */ = {isa = PBXFileReference; lastKnownFileType = sourcecode.swift; path = MapView.swift; sourceTree = "<group>"; };
/* End PBXFileReference section */

/* Begin PBXFrameworksBuildPhase section */
		D70EDB6823A0ED6E00268107 /* Frameworks */ = {
			isa = PBXFrameworksBuildPhase;
			buildActionMask = 2147483647;
			files = (
			);
			runOnlyForDeploymentPostprocessing = 0;
		};
/* End PBXFrameworksBuildPhase section */

/* Begin PBXGroup section */
		D70EDB6223A0ED6E00268107 = {
			isa = PBXGroup;
			children = (
				D70EDB6D23A0ED6E00268107 /* milestone */,
				D70EDB6C23A0ED6E00268107 /* Products */,
			);
			sourceTree = "<group>";
		};
		D70EDB6C23A0ED6E00268107 /* Products */ = {
			isa = PBXGroup;
			children = (
				D70EDB6B23A0ED6E00268107 /* milestone.app */,
			);
			name = Products;
			sourceTree = "<group>";
		};
		D70EDB6D23A0ED6E00268107 /* milestone */ = {
			isa = PBXGroup;
			children = (
				D70EDB8523A0EE6400268107 /* ImagePicker.swift */,
				D70EDB6E23A0ED6E00268107 /* AppDelegate.swift */,
				D70EDB7023A0ED6E00268107 /* SceneDelegate.swift */,
				D70EDB7523A0ED6E00268107 /* ContentView.swift */,
				D7CD168223A3BEBF0021DA42 /* DetailView.swift */,
				D7CD168623A52E5D0021DA42 /* LocationFetcher.swift */,
				D734BFA923A150D70066DB6E /* AddPersonView.swift */,
				D7CD168823A541780021DA42 /* MapView.swift */,
				D7CD168423A3C2110021DA42 /* FileManagement.swift */,
				D734BFAB23A1584F0066DB6E /* Person.swift */,
				D70EDB7723A0ED7000268107 /* Assets.xcassets */,
				D70EDB7C23A0ED7000268107 /* LaunchScreen.storyboard */,
				D70EDB7F23A0ED7000268107 /* Info.plist */,
				D70EDB7223A0ED6E00268107 /* milestone.xcdatamodeld */,
				D70EDB7923A0ED7000268107 /* Preview Content */,
			);
			path = milestone;
			sourceTree = "<group>";
		};
		D70EDB7923A0ED7000268107 /* Preview Content */ = {
			isa = PBXGroup;
			children = (
				D70EDB7A23A0ED7000268107 /* Preview Assets.xcassets */,
			);
			path = "Preview Content";
			sourceTree = "<group>";
		};
/* End PBXGroup section */

/* Begin PBXNativeTarget section */
		D70EDB6A23A0ED6E00268107 /* milestone */ = {
			isa = PBXNativeTarget;
			buildConfigurationList = D70EDB8223A0ED7000268107 /* Build configuration list for PBXNativeTarget "milestone" */;
			buildPhases = (
				D70EDB6723A0ED6E00268107 /* Sources */,
				D70EDB6823A0ED6E00268107 /* Frameworks */,
				D70EDB6923A0ED6E00268107 /* Resources */,
			);
			buildRules = (
			);
			dependencies = (
			);
			name = milestone;
			productName = milestone;
			productReference = D70EDB6B23A0ED6E00268107 /* milestone.app */;
			productType = "com.apple.product-type.application";
		};
/* End PBXNativeTarget section */

/* Begin PBXProject section */
		D70EDB6323A0ED6E00268107 /* Project object */ = {
			isa = PBXProject;
			attributes = {
				LastSwiftUpdateCheck = 1120;
				LastUpgradeCheck = 1120;
				ORGANIZATIONNAME = euklit;
				TargetAttributes = {
					D70EDB6A23A0ED6E00268107 = {
						CreatedOnToolsVersion = 11.2.1;
					};
				};
			};
			buildConfigurationList = D70EDB6623A0ED6E00268107 /* Build configuration list for PBXProject "milestone" */;
			compatibilityVersion = "Xcode 9.3";
			developmentRegion = en;
			hasScannedForEncodings = 0;
			knownRegions = (
				en,
				Base,
			);
			mainGroup = D70EDB6223A0ED6E00268107;
			productRefGroup = D70EDB6C23A0ED6E00268107 /* Products */;
			projectDirPath = "";
			projectRoot = "";
			targets = (
				D70EDB6A23A0ED6E00268107 /* milestone */,
			);
		};
/* End PBXProject section */

/* Begin PBXResourcesBuildPhase section */
		D70EDB6923A0ED6E00268107 /* Resources */ = {
			isa = PBXResourcesBuildPhase;
			buildActionMask = 2147483647;
			files = (
				D70EDB7E23A0ED7000268107 /* LaunchScreen.storyboard in Resources */,
				D70EDB7B23A0ED7000268107 /* Preview Assets.xcassets in Resources */,
				D70EDB7823A0ED7000268107 /* Assets.xcassets in Resources */,
			);
			runOnlyForDeploymentPostprocessing = 0;
		};
/* End PBXResourcesBuildPhase section */

/* Begin PBXSourcesBuildPhase section */
		D70EDB6723A0ED6E00268107 /* Sources */ = {
			isa = PBXSourcesBuildPhase;
			buildActionMask = 2147483647;
			files = (
				D70EDB7423A0ED6E00268107 /* milestone.xcdatamodeld in Sources */,
				D7CD168523A3C2110021DA42 /* FileManagement.swift in Sources */,
				D7CD168723A52E5D0021DA42 /* LocationFetcher.swift in Sources */,
				D7CD168923A541780021DA42 /* MapView.swift in Sources */,
				D7CD168323A3BEBF0021DA42 /* DetailView.swift in Sources */,
				D70EDB6F23A0ED6E00268107 /* AppDelegate.swift in Sources */,
				D70EDB8623A0EE6400268107 /* ImagePicker.swift in Sources */,
				D70EDB7623A0ED6E00268107 /* ContentView.swift in Sources */,
				D734BFAC23A1584F0066DB6E /* Person.swift in Sources */,
				D70EDB7123A0ED6E00268107 /* SceneDelegate.swift in Sources */,
				D734BFAA23A150D70066DB6E /* AddPersonView.swift in Sources */,
			);
			runOnlyForDeploymentPostprocessing = 0;
		};
/* End PBXSourcesBuildPhase section */

/* Begin PBXVariantGroup section */
		D70EDB7C23A0ED7000268107 /* LaunchScreen.storyboard */ = {
			isa = PBXVariantGroup;
			children = (
				D70EDB7D23A0ED7000268107 /* Base */,
			);
			name = LaunchScreen.storyboard;
			sourceTree = "<group>";
		};
/* End PBXVariantGroup section */

/* Begin XCBuildConfiguration section */
		D70EDB8023A0ED7000268107 /* Debug */ = {
			isa = XCBuildConfiguration;
			buildSettings = {
				ALWAYS_SEARCH_USER_PATHS = NO;
				CLANG_ANALYZER_NONNULL = YES;
				CLANG_ANALYZER_NUMBER_OBJECT_CONVERSION = YES_AGGRESSIVE;
				CLANG_CXX_LANGUAGE_STANDARD = "gnu++14";
				CLANG_CXX_LIBRARY = "libc++";
				CLANG_ENABLE_MODULES = YES;
				CLANG_ENABLE_OBJC_ARC = YES;
				CLANG_ENABLE_OBJC_WEAK = YES;
				CLANG_WARN_BLOCK_CAPTURE_AUTORELEASING = YES;
				CLANG_WARN_BOOL_CONVERSION = YES;
				CLANG_WARN_COMMA = YES;
				CLANG_WARN_CONSTANT_CONVERSION = YES;
				CLANG_WARN_DEPRECATED_OBJC_IMPLEMENTATIONS = YES;
				CLANG_WARN_DIRECT_OBJC_ISA_USAGE = YES_ERROR;
				CLANG_WARN_DOCUMENTATION_COMMENTS = YES;
				CLANG_WARN_EMPTY_BODY = YES;
				CLANG_WARN_ENUM_CONVERSION = YES;
				CLANG_WARN_INFINITE_RECURSION = YES;
				CLANG_WARN_INT_CONVERSION = YES;
				CLANG_WARN_NON_LITERAL_NULL_CONVERSION = YES;
				CLANG_WARN_OBJC_IMPLICIT_RETAIN_SELF = YES;
				CLANG_WARN_OBJC_LITERAL_CONVERSION = YES;
				CLANG_WARN_OBJC_ROOT_CLASS = YES_ERROR;
				CLANG_WARN_RANGE_LOOP_ANALYSIS = YES;
				CLANG_WARN_STRICT_PROTOTYPES = YES;
				CLANG_WARN_SUSPICIOUS_MOVE = YES;
				CLANG_WARN_UNGUARDED_AVAILABILITY = YES_AGGRESSIVE;
				CLANG_WARN_UNREACHABLE_CODE = YES;
				CLANG_WARN__DUPLICATE_METHOD_MATCH = YES;
				COPY_PHASE_STRIP = NO;
				DEBUG_INFORMATION_FORMAT = dwarf;
				ENABLE_STRICT_OBJC_MSGSEND = YES;
				ENABLE_TESTABILITY = YES;
				GCC_C_LANGUAGE_STANDARD = gnu11;
				GCC_DYNAMIC_NO_PIC = NO;
				GCC_NO_COMMON_BLOCKS = YES;
				GCC_OPTIMIZATION_LEVEL = 0;
				GCC_PREPROCESSOR_DEFINITIONS = (
					"DEBUG=1",
					"$(inherited)",
				);
				GCC_WARN_64_TO_32_BIT_CONVERSION = YES;
				GCC_WARN_ABOUT_RETURN_TYPE = YES_ERROR;
				GCC_WARN_UNDECLARED_SELECTOR = YES;
				GCC_WARN_UNINITIALIZED_AUTOS = YES_AGGRESSIVE;
				GCC_WARN_UNUSED_FUNCTION = YES;
				GCC_WARN_UNUSED_VARIABLE = YES;
				IPHONEOS_DEPLOYMENT_TARGET = 13.2;
				MTL_ENABLE_DEBUG_INFO = INCLUDE_SOURCE;
				MTL_FAST_MATH = YES;
				ONLY_ACTIVE_ARCH = YES;
				SDKROOT = iphoneos;
				SWIFT_ACTIVE_COMPILATION_CONDITIONS = DEBUG;
				SWIFT_OPTIMIZATION_LEVEL = "-Onone";
			};
			name = Debug;
		};
		D70EDB8123A0ED7000268107 /* Release */ = {
			isa = XCBuildConfiguration;
			buildSettings = {
				ALWAYS_SEARCH_USER_PATHS = NO;
				CLANG_ANALYZER_NONNULL = YES;
				CLANG_ANALYZER_NUMBER_OBJECT_CONVERSION = YES_AGGRESSIVE;
				CLANG_CXX_LANGUAGE_STANDARD = "gnu++14";
				CLANG_CXX_LIBRARY = "libc++";
				CLANG_ENABLE_MODULES = YES;
				CLANG_ENABLE_OBJC_ARC = YES;
				CLANG_ENABLE_OBJC_WEAK = YES;
				CLANG_WARN_BLOCK_CAPTURE_AUTORELEASING = YES;
				CLANG_WARN_BOOL_CONVERSION = YES;
				CLANG_WARN_COMMA = YES;
				CLANG_WARN_CONSTANT_CONVERSION = YES;
				CLANG_WARN_DEPRECATED_OBJC_IMPLEMENTATIONS = YES;
				CLANG_WARN_DIRECT_OBJC_ISA_USAGE = YES_ERROR;
				CLANG_WARN_DOCUMENTATION_COMMENTS = YES;
				CLANG_WARN_EMPTY_BODY = YES;
				CLANG_WARN_ENUM_CONVERSION = YES;
				CLANG_WARN_INFINITE_RECURSION = YES;
				CLANG_WARN_INT_CONVERSION = YES;
				CLANG_WARN_NON_LITERAL_NULL_CONVERSION = YES;
				CLANG_WARN_OBJC_IMPLICIT_RETAIN_SELF = YES;
				CLANG_WARN_OBJC_LITERAL_CONVERSION = YES;
				CLANG_WARN_OBJC_ROOT_CLASS = YES_ERROR;
				CLANG_WARN_RANGE_LOOP_ANALYSIS = YES;
				CLANG_WARN_STRICT_PROTOTYPES = YES;
				CLANG_WARN_SUSPICIOUS_MOVE = YES;
				CLANG_WARN_UNGUARDED_AVAILABILITY = YES_AGGRESSIVE;
				CLANG_WARN_UNREACHABLE_CODE = YES;
				CLANG_WARN__DUPLICATE_METHOD_MATCH = YES;
				COPY_PHASE_STRIP = NO;
				DEBUG_INFORMATION_FORMAT = "dwarf-with-dsym";
				ENABLE_NS_ASSERTIONS = NO;
				ENABLE_STRICT_OBJC_MSGSEND = YES;
				GCC_C_LANGUAGE_STANDARD = gnu11;
				GCC_NO_COMMON_BLOCKS = YES;
				GCC_WARN_64_TO_32_BIT_CONVERSION = YES;
				GCC_WARN_ABOUT_RETURN_TYPE = YES_ERROR;
				GCC_WARN_UNDECLARED_SELECTOR = YES;
				GCC_WARN_UNINITIALIZED_AUTOS = YES_AGGRESSIVE;
				GCC_WARN_UNUSED_FUNCTION = YES;
				GCC_WARN_UNUSED_VARIABLE = YES;
				IPHONEOS_DEPLOYMENT_TARGET = 13.2;
				MTL_ENABLE_DEBUG_INFO = NO;
				MTL_FAST_MATH = YES;
				SDKROOT = iphoneos;
				SWIFT_COMPILATION_MODE = wholemodule;
				SWIFT_OPTIMIZATION_LEVEL = "-O";
				VALIDATE_PRODUCT = YES;
			};
			name = Release;
		};
		D70EDB8323A0ED7000268107 /* Debug */ = {
			isa = XCBuildConfiguration;
			buildSettings = {
				ASSETCATALOG_COMPILER_APPICON_NAME = AppIcon;
				CODE_SIGN_STYLE = Automatic;
				DEVELOPMENT_ASSET_PATHS = "\"milestone/Preview Content\"";
				DEVELOPMENT_TEAM = 7TXG7PCKD2;
				ENABLE_PREVIEWS = YES;
				INFOPLIST_FILE = milestone/Info.plist;
				LD_RUNPATH_SEARCH_PATHS = (
					"$(inherited)",
					"@executable_path/Frameworks",
				);
				PRODUCT_BUNDLE_IDENTIFIER = leeCompany.milestone;
				PRODUCT_NAME = "$(TARGET_NAME)";
				SWIFT_VERSION = 5.0;
				TARGETED_DEVICE_FAMILY = "1,2";
			};
			name = Debug;
		};
		D70EDB8423A0ED7000268107 /* Release */ = {
			isa = XCBuildConfiguration;
			buildSettings = {
				ASSETCATALOG_COMPILER_APPICON_NAME = AppIcon;
				CODE_SIGN_STYLE = Automatic;
				DEVELOPMENT_ASSET_PATHS = "\"milestone/Preview Content\"";
				DEVELOPMENT_TEAM = 7TXG7PCKD2;
				ENABLE_PREVIEWS = YES;
				INFOPLIST_FILE = milestone/Info.plist;
				LD_RUNPATH_SEARCH_PATHS = (
					"$(inherited)",
					"@executable_path/Frameworks",
				);
				PRODUCT_BUNDLE_IDENTIFIER = leeCompany.milestone;
				PRODUCT_NAME = "$(TARGET_NAME)";
				SWIFT_VERSION = 5.0;
				TARGETED_DEVICE_FAMILY = "1,2";
			};
			name = Release;
		};
/* End XCBuildConfiguration section */

/* Begin XCConfigurationList section */
		D70EDB6623A0ED6E00268107 /* Build configuration list for PBXProject "milestone" */ = {
			isa = XCConfigurationList;
			buildConfigurations = (
				D70EDB8023A0ED7000268107 /* Debug */,
				D70EDB8123A0ED7000268107 /* Release */,
			);
			defaultConfigurationIsVisible = 0;
			defaultConfigurationName = Release;
		};
		D70EDB8223A0ED7000268107 /* Build configuration list for PBXNativeTarget "milestone" */ = {
			isa = XCConfigurationList;
			buildConfigurations = (
				D70EDB8323A0ED7000268107 /* Debug */,
				D70EDB8423A0ED7000268107 /* Release */,
			);
			defaultConfigurationIsVisible = 0;
			defaultConfigurationName = Release;
		};
/* End XCConfigurationList section */

/* Begin XCVersionGroup section */
		D70EDB7223A0ED6E00268107 /* milestone.xcdatamodeld */ = {
			isa = XCVersionGroup;
			children = (
				D70EDB7323A0ED6E00268107 /* milestone.xcdatamodel */,
			);
			currentVersion = D70EDB7323A0ED6E00268107 /* milestone.xcdatamodel */;
			path = milestone.xcdatamodeld;
			sourceTree = "<group>";
			versionGroupType = wrapper.xcdatamodel;
		};
/* End XCVersionGroup section */
	};
	rootObject = D70EDB6323A0ED6E00268107 /* Project object */;
}
